
Microsoft Visual Studio Solution File, Format Version 12.00
# Visual Studio Version 17
VisualStudioVersion = 17.9.34607.119
MinimumVisualStudioVersion = 10.0.40219.1
Project("{FAE04EC0-301F-11D3-BF4B-00C04F79EFBC}") = "Domain", "Domain\Domain.csproj", "{07C1134F-CF78-49C3-99FA-0D650B45DD8C}"
EndProject
Project("{FAE04EC0-301F-11D3-BF4B-00C04F79EFBC}") = "Infrastructure", "Infrastructure\Infrastructure.csproj", "{866F5D9E-0F66-4CFE-92DD-476D9B6BAFC0}"
EndProject
Project("{FAE04EC0-301F-11D3-BF4B-00C04F79EFBC}") = "Application", "Application\Application.csproj", "{C153EC31-CA46-4BB6-BCDD-2B014B717F55}"
EndProject
Project("{FAE04EC0-301F-11D3-BF4B-00C04F79EFBC}") = "API", "API\API.csproj", "{7BD9B83F-30BF-451B-92BF-C59F3FFAF10F}"
EndProject
Global
	GlobalSection(SolutionConfigurationPlatforms) = preSolution
		Debug|Any CPU = Debug|Any CPU
		Release|Any CPU = Release|Any CPU
	EndGlobalSection
	GlobalSection(ProjectConfigurationPlatforms) = postSolution
		{07C1134F-CF78-49C3-99FA-0D650B45DD8C}.Debug|Any CPU.ActiveCfg = Debug|Any CPU
		{07C1134F-CF78-49C3-99FA-0D650B45DD8C}.Debug|Any CPU.Build.0 = Debug|Any CPU
		{07C1134F-CF78-49C3-99FA-0D650B45DD8C}.Release|Any CPU.ActiveCfg = Release|Any CPU
		{07C1134F-CF78-49C3-99FA-0D650B45DD8C}.Release|Any CPU.Build.0 = Release|Any CPU
		{866F5D9E-0F66-4CFE-92DD-476D9B6BAFC0}.Debug|Any CPU.ActiveCfg = Debug|Any CPU
		{866F5D9E-0F66-4CFE-92DD-476D9B6BAFC0}.Debug|Any CPU.Build.0 = Debug|Any CPU
		{866F5D9E-0F66-4CFE-92DD-476D9B6BAFC0}.Release|Any CPU.ActiveCfg = Release|Any CPU
		{866F5D9E-0F66-4CFE-92DD-476D9B6BAFC0}.Release|Any CPU.Build.0 = Release|Any CPU
		{C153EC31-CA46-4BB6-BCDD-2B014B717F55}.Debug|Any CPU.ActiveCfg = Debug|Any CPU
		{C153EC31-CA46-4BB6-BCDD-2B014B717F55}.Debug|Any CPU.Build.0 = Debug|Any CPU
		{C153EC31-CA46-4BB6-BCDD-2B014B717F55}.Release|Any CPU.ActiveCfg = Release|Any CPU
		{C153EC31-CA46-4BB6-BCDD-2B014B717F55}.Release|Any CPU.Build.0 = Release|Any CPU
		{7BD9B83F-30BF-451B-92BF-C59F3FFAF10F}.Debug|Any CPU.ActiveCfg = Debug|Any CPU
		{7BD9B83F-30BF-451B-92BF-C59F3FFAF10F}.Debug|Any CPU.Build.0 = Debug|Any CPU
		{7BD9B83F-30BF-451B-92BF-C59F3FFAF10F}.Release|Any CPU.ActiveCfg = Release|Any CPU
		{7BD9B83F-30BF-451B-92BF-C59F3FFAF10F}.Release|Any CPU.Build.0 = Release|Any CPU
	EndGlobalSection
	GlobalSection(SolutionProperties) = preSolution
		HideSolutionNode = FALSE
	EndGlobalSection
	GlobalSection(ExtensibilityGlobals) = postSolution
		SolutionGuid = {AF0CA2DA-C5B4-48D0-A7CC-FEDF35DACEE7}
	EndGlobalSection
EndGlobal
